
Microsoft Visual Studio Solution File, Format Version 12.00
# Visual Studio Version 17
VisualStudioVersion = 17.3.32929.385
MinimumVisualStudioVersion = 10.0.40219.1
Project("{8BC9CEB8-8B4A-11D0-8D11-00A0C91BC942}") = "lr_4", "lr_4.vcxproj", "{F86D7D33-0EE3-44FB-926C-55A6C9E5F320}"
EndProject
Global
	GlobalSection(SolutionConfigurationPlatforms) = preSolution
		Debug|x64 = Debug|x64
		Debug|x86 = Debug|x86
		Release|x64 = Release|x64
		Release|x86 = Release|x86
	EndGlobalSection
	GlobalSection(ProjectConfigurationPlatforms) = postSolution
		{F86D7D33-0EE3-44FB-926C-55A6C9E5F320}.Debug|x64.ActiveCfg = Debug|x64
		{F86D7D33-0EE3-44FB-926C-55A6C9E5F320}.Debug|x64.Build.0 = Debug|x64
		{F86D7D33-0EE3-44FB-926C-55A6C9E5F320}.Debug|x86.ActiveCfg = Debug|Win32
		{F86D7D33-0EE3-44FB-926C-55A6C9E5F320}.Debug|x86.Build.0 = Debug|Win32
		{F86D7D33-0EE3-44FB-926C-55A6C9E5F320}.Release|x64.ActiveCfg = Release|x64
		{F86D7D33-0EE3-44FB-926C-55A6C9E5F320}.Release|x64.Build.0 = Release|x64
		{F86D7D33-0EE3-44FB-926C-55A6C9E5F320}.Release|x86.ActiveCfg = Release|Win32
		{F86D7D33-0EE3-44FB-926C-55A6C9E5F320}.Release|x86.Build.0 = Release|Win32
	EndGlobalSection
	GlobalSection(SolutionProperties) = preSolution
		HideSolutionNode = FALSE
	EndGlobalSection
	GlobalSection(ExtensibilityGlobals) = postSolution
		SolutionGuid = {59D34F8D-4799-4A54-ACD5-7A4B2128DB16}
	EndGlobalSection
EndGlobal
